
Microsoft Visual Studio Solution File, Format Version 12.00
# Visual Studio 2015
Project("{FAE04EC0-301F-11D3-BF4B-00C04F79EFBC}") = "Oh Splat.CSharp", "Oh Splat.CSharp.csproj", "{DD067274-6808-AE7B-B3C4-4BE9D49B0BEE}"
EndProject
Global
	GlobalSection(SolutionConfigurationPlatforms) = preSolution
		Debug|Any CPU = Debug|Any CPU
		Release|Any CPU = Release|Any CPU
	EndGlobalSection
	GlobalSection(ProjectConfigurationPlatforms) = postSolution
		{DD067274-6808-AE7B-B3C4-4BE9D49B0BEE}.Debug|Any CPU.ActiveCfg = Debug|Any CPU
		{DD067274-6808-AE7B-B3C4-4BE9D49B0BEE}.Debug|Any CPU.Build.0 = Debug|Any CPU
		{DD067274-6808-AE7B-B3C4-4BE9D49B0BEE}.Release|Any CPU.ActiveCfg = Release|Any CPU
		{DD067274-6808-AE7B-B3C4-4BE9D49B0BEE}.Release|Any CPU.Build.0 = Release|Any CPU
	EndGlobalSection
	GlobalSection(SolutionProperties) = preSolution
		HideSolutionNode = FALSE
	EndGlobalSection
EndGlobal
